// !$*UTF8*$!
{
	archiveVersion = 1;
	classes = {
	};
	objectVersion = 56;
	objects = {

/* Begin PBXBuildFile section */
		0DB1D8427BB421C273BF7666 /* Pods_Coffe_App.framework in Frameworks */ = {isa = PBXBuildFile; fileRef = 29DE08FCE30BCAFE2EE63992 /* Pods_Coffe_App.framework */; };
		70083DD72B73569C0064340A /* LocationEndpoint.swift in Sources */ = {isa = PBXBuildFile; fileRef = 70083DD62B73569C0064340A /* LocationEndpoint.swift */; };
		70083DD92B7357EB0064340A /* LocationRequest.swift in Sources */ = {isa = PBXBuildFile; fileRef = 70083DD82B7357EB0064340A /* LocationRequest.swift */; };
		70083DDB2B735F200064340A /* MainViewProtocols.swift in Sources */ = {isa = PBXBuildFile; fileRef = 70083DDA2B735F200064340A /* MainViewProtocols.swift */; };
		70083DDF2B737B4F0064340A /* TableCell.swift in Sources */ = {isa = PBXBuildFile; fileRef = 70083DDE2B737B4F0064340A /* TableCell.swift */; };
		70083DE12B737D910064340A /* MainViewInteractor.swift in Sources */ = {isa = PBXBuildFile; fileRef = 70083DE02B737D910064340A /* MainViewInteractor.swift */; };
		70083DE32B737E010064340A /* MainViewPresenter.swift in Sources */ = {isa = PBXBuildFile; fileRef = 70083DE22B737E010064340A /* MainViewPresenter.swift */; };
		701D12502B73AC4D002F5CD4 /* MainViewController.swift in Sources */ = {isa = PBXBuildFile; fileRef = 701D124F2B73AC4D002F5CD4 /* MainViewController.swift */; };
		701D12522B73D46A002F5CD4 /* CountValueView.swift in Sources */ = {isa = PBXBuildFile; fileRef = 701D12512B73D46A002F5CD4 /* CountValueView.swift */; };
		702FA2872B6142E80018059C /* AppDelegate.swift in Sources */ = {isa = PBXBuildFile; fileRef = 702FA2862B6142E80018059C /* AppDelegate.swift */; };
		702FA2892B6142E80018059C /* SceneDelegate.swift in Sources */ = {isa = PBXBuildFile; fileRef = 702FA2882B6142E80018059C /* SceneDelegate.swift */; };
		702FA28B2B6142E80018059C /* ViewController.swift in Sources */ = {isa = PBXBuildFile; fileRef = 702FA28A2B6142E80018059C /* ViewController.swift */; };
		702FA2902B6142EB0018059C /* Assets.xcassets in Resources */ = {isa = PBXBuildFile; fileRef = 702FA28F2B6142EB0018059C /* Assets.xcassets */; };
		702FA2932B6142EB0018059C /* LaunchScreen.storyboard in Resources */ = {isa = PBXBuildFile; fileRef = 702FA2912B6142EB0018059C /* LaunchScreen.storyboard */; };
		702FA29C2B6145080018059C /* ApplicationService.swift in Sources */ = {isa = PBXBuildFile; fileRef = 702FA29B2B6145080018059C /* ApplicationService.swift */; };
		702FA29E2B6145370018059C /* UserService.swift in Sources */ = {isa = PBXBuildFile; fileRef = 702FA29D2B6145370018059C /* UserService.swift */; };
		702FA2A12B61456C0018059C /* UserData.swift in Sources */ = {isa = PBXBuildFile; fileRef = 702FA2A02B61456C0018059C /* UserData.swift */; };
		702FA2A42B6145C90018059C /* Constants.swift in Sources */ = {isa = PBXBuildFile; fileRef = 702FA2A32B6145C90018059C /* Constants.swift */; };
		702FA2A82B6146510018059C /* Helpers.swift in Sources */ = {isa = PBXBuildFile; fileRef = 702FA2A72B6146510018059C /* Helpers.swift */; };
		702FA2AB2B6146EE0018059C /* Configuration.swift in Sources */ = {isa = PBXBuildFile; fileRef = 702FA2AA2B6146EE0018059C /* Configuration.swift */; };
		702FA2AE2B61483F0018059C /* ExtansionUiViewController.swift in Sources */ = {isa = PBXBuildFile; fileRef = 702FA2AD2B61483F0018059C /* ExtansionUiViewController.swift */; };
		702FA2B62B616DA20018059C /* RegistrationProtocol.swift in Sources */ = {isa = PBXBuildFile; fileRef = 702FA2B52B616DA20018059C /* RegistrationProtocol.swift */; };
		702FA2B82B616DBA0018059C /* RegistrationViewController.swift in Sources */ = {isa = PBXBuildFile; fileRef = 702FA2B72B616DBA0018059C /* RegistrationViewController.swift */; };
		702FA2BA2B616DE90018059C /* RegistrationRouter.swift in Sources */ = {isa = PBXBuildFile; fileRef = 702FA2B92B616DE90018059C /* RegistrationRouter.swift */; };
		702FA2BC2B616E110018059C /* RegistrationPresentor.swift in Sources */ = {isa = PBXBuildFile; fileRef = 702FA2BB2B616E110018059C /* RegistrationPresentor.swift */; };
		702FA2BE2B616E2D0018059C /* RegistrationIntersaptor.swift in Sources */ = {isa = PBXBuildFile; fileRef = 702FA2BD2B616E2D0018059C /* RegistrationIntersaptor.swift */; };
		702FA2C02B616E440018059C /* AuthViewController.swift in Sources */ = {isa = PBXBuildFile; fileRef = 702FA2BF2B616E440018059C /* AuthViewController.swift */; };
		702FA2C22B616E5D0018059C /* AuthProtocol.swift in Sources */ = {isa = PBXBuildFile; fileRef = 702FA2C12B616E5D0018059C /* AuthProtocol.swift */; };
		702FA2C42B616E800018059C /* AuthRouter.swift in Sources */ = {isa = PBXBuildFile; fileRef = 702FA2C32B616E800018059C /* AuthRouter.swift */; };
		702FA2C62B616E8E0018059C /* AuthPresenter.swift in Sources */ = {isa = PBXBuildFile; fileRef = 702FA2C52B616E8E0018059C /* AuthPresenter.swift */; };
		702FA2C82B616EAA0018059C /* AuthIntersaptor.swift in Sources */ = {isa = PBXBuildFile; fileRef = 702FA2C72B616EAA0018059C /* AuthIntersaptor.swift */; };
		702FA2CC2B616FC00018059C /* NetworkEnum.swift in Sources */ = {isa = PBXBuildFile; fileRef = 702FA2CA2B616FC00018059C /* NetworkEnum.swift */; };
		702FA2CD2B616FC00018059C /* NetworkRequest.swift in Sources */ = {isa = PBXBuildFile; fileRef = 702FA2CB2B616FC00018059C /* NetworkRequest.swift */; };
		702FA2CF2B6178BC0018059C /* HTTP.swift in Sources */ = {isa = PBXBuildFile; fileRef = 702FA2CE2B6178BC0018059C /* HTTP.swift */; };
		702FA2D12B617D670018059C /* Enicoder.swift in Sources */ = {isa = PBXBuildFile; fileRef = 702FA2D02B617D670018059C /* Enicoder.swift */; };
		702FA2D32B617D740018059C /* Decoder.swift in Sources */ = {isa = PBXBuildFile; fileRef = 702FA2D22B617D740018059C /* Decoder.swift */; };
		702FA2D62B6180D00018059C /* AuthClient.swift in Sources */ = {isa = PBXBuildFile; fileRef = 702FA2D52B6180D00018059C /* AuthClient.swift */; };
		702FA2D82B6180E30018059C /* AuthEndpoint.swift in Sources */ = {isa = PBXBuildFile; fileRef = 702FA2D72B6180E30018059C /* AuthEndpoint.swift */; };
/* End PBXBuildFile section */

/* Begin PBXFileReference section */
		29DE08FCE30BCAFE2EE63992 /* Pods_Coffe_App.framework */ = {isa = PBXFileReference; explicitFileType = wrapper.framework; includeInIndex = 0; path = Pods_Coffe_App.framework; sourceTree = BUILT_PRODUCTS_DIR; };
		70083DD62B73569C0064340A /* LocationEndpoint.swift */ = {isa = PBXFileReference; lastKnownFileType = sourcecode.swift; path = LocationEndpoint.swift; sourceTree = "<group>"; };
		70083DD82B7357EB0064340A /* LocationRequest.swift */ = {isa = PBXFileReference; lastKnownFileType = sourcecode.swift; path = LocationRequest.swift; sourceTree = "<group>"; };
		70083DDA2B735F200064340A /* MainViewProtocols.swift */ = {isa = PBXFileReference; lastKnownFileType = sourcecode.swift; path = MainViewProtocols.swift; sourceTree = "<group>"; };
		70083DDE2B737B4F0064340A /* TableCell.swift */ = {isa = PBXFileReference; lastKnownFileType = sourcecode.swift; path = TableCell.swift; sourceTree = "<group>"; };
		70083DE02B737D910064340A /* MainViewInteractor.swift */ = {isa = PBXFileReference; lastKnownFileType = sourcecode.swift; path = MainViewInteractor.swift; sourceTree = "<group>"; };
		70083DE22B737E010064340A /* MainViewPresenter.swift */ = {isa = PBXFileReference; lastKnownFileType = sourcecode.swift; path = MainViewPresenter.swift; sourceTree = "<group>"; };
		701D124F2B73AC4D002F5CD4 /* MainViewController.swift */ = {isa = PBXFileReference; lastKnownFileType = sourcecode.swift; path = MainViewController.swift; sourceTree = "<group>"; };
		701D12512B73D46A002F5CD4 /* CountValueView.swift */ = {isa = PBXFileReference; lastKnownFileType = sourcecode.swift; path = CountValueView.swift; sourceTree = "<group>"; };
		702FA2832B6142E80018059C /* Coffe App.app */ = {isa = PBXFileReference; explicitFileType = wrapper.application; includeInIndex = 0; path = "Coffe App.app"; sourceTree = BUILT_PRODUCTS_DIR; };
		702FA2862B6142E80018059C /* AppDelegate.swift */ = {isa = PBXFileReference; lastKnownFileType = sourcecode.swift; path = AppDelegate.swift; sourceTree = "<group>"; };
		702FA2882B6142E80018059C /* SceneDelegate.swift */ = {isa = PBXFileReference; lastKnownFileType = sourcecode.swift; path = SceneDelegate.swift; sourceTree = "<group>"; };
		702FA28A2B6142E80018059C /* ViewController.swift */ = {isa = PBXFileReference; lastKnownFileType = sourcecode.swift; path = ViewController.swift; sourceTree = "<group>"; };
		702FA28F2B6142EB0018059C /* Assets.xcassets */ = {isa = PBXFileReference; lastKnownFileType = folder.assetcatalog; path = Assets.xcassets; sourceTree = "<group>"; };
		702FA2922B6142EB0018059C /* Base */ = {isa = PBXFileReference; lastKnownFileType = file.storyboard; name = Base; path = Base.lproj/LaunchScreen.storyboard; sourceTree = "<group>"; };
		702FA2942B6142EB0018059C /* Info.plist */ = {isa = PBXFileReference; lastKnownFileType = text.plist.xml; path = Info.plist; sourceTree = "<group>"; };
		702FA29B2B6145080018059C /* ApplicationService.swift */ = {isa = PBXFileReference; lastKnownFileType = sourcecode.swift; path = ApplicationService.swift; sourceTree = "<group>"; };
		702FA29D2B6145370018059C /* UserService.swift */ = {isa = PBXFileReference; lastKnownFileType = sourcecode.swift; path = UserService.swift; sourceTree = "<group>"; };
		702FA2A02B61456C0018059C /* UserData.swift */ = {isa = PBXFileReference; lastKnownFileType = sourcecode.swift; path = UserData.swift; sourceTree = "<group>"; };
		702FA2A32B6145C90018059C /* Constants.swift */ = {isa = PBXFileReference; lastKnownFileType = sourcecode.swift; path = Constants.swift; sourceTree = "<group>"; };
		702FA2A72B6146510018059C /* Helpers.swift */ = {isa = PBXFileReference; lastKnownFileType = sourcecode.swift; path = Helpers.swift; sourceTree = "<group>"; };
		702FA2AA2B6146EE0018059C /* Configuration.swift */ = {isa = PBXFileReference; lastKnownFileType = sourcecode.swift; path = Configuration.swift; sourceTree = "<group>"; };
		702FA2AD2B61483F0018059C /* ExtansionUiViewController.swift */ = {isa = PBXFileReference; lastKnownFileType = sourcecode.swift; path = ExtansionUiViewController.swift; sourceTree = "<group>"; };
		702FA2B52B616DA20018059C /* RegistrationProtocol.swift */ = {isa = PBXFileReference; lastKnownFileType = sourcecode.swift; path = RegistrationProtocol.swift; sourceTree = "<group>"; };
		702FA2B72B616DBA0018059C /* RegistrationViewController.swift */ = {isa = PBXFileReference; lastKnownFileType = sourcecode.swift; path = RegistrationViewController.swift; sourceTree = "<group>"; };
		702FA2B92B616DE90018059C /* RegistrationRouter.swift */ = {isa = PBXFileReference; lastKnownFileType = sourcecode.swift; path = RegistrationRouter.swift; sourceTree = "<group>"; };
		702FA2BB2B616E110018059C /* RegistrationPresentor.swift */ = {isa = PBXFileReference; lastKnownFileType = sourcecode.swift; path = RegistrationPresentor.swift; sourceTree = "<group>"; };
		702FA2BD2B616E2D0018059C /* RegistrationIntersaptor.swift */ = {isa = PBXFileReference; lastKnownFileType = sourcecode.swift; path = RegistrationIntersaptor.swift; sourceTree = "<group>"; };
		702FA2BF2B616E440018059C /* AuthViewController.swift */ = {isa = PBXFileReference; lastKnownFileType = sourcecode.swift; path = AuthViewController.swift; sourceTree = "<group>"; };
		702FA2C12B616E5D0018059C /* AuthProtocol.swift */ = {isa = PBXFileReference; lastKnownFileType = sourcecode.swift; path = AuthProtocol.swift; sourceTree = "<group>"; };
		702FA2C32B616E800018059C /* AuthRouter.swift */ = {isa = PBXFileReference; lastKnownFileType = sourcecode.swift; path = AuthRouter.swift; sourceTree = "<group>"; };
		702FA2C52B616E8E0018059C /* AuthPresenter.swift */ = {isa = PBXFileReference; lastKnownFileType = sourcecode.swift; path = AuthPresenter.swift; sourceTree = "<group>"; };
		702FA2C72B616EAA0018059C /* AuthIntersaptor.swift */ = {isa = PBXFileReference; lastKnownFileType = sourcecode.swift; path = AuthIntersaptor.swift; sourceTree = "<group>"; };
		702FA2CA2B616FC00018059C /* NetworkEnum.swift */ = {isa = PBXFileReference; fileEncoding = 4; lastKnownFileType = sourcecode.swift; path = NetworkEnum.swift; sourceTree = "<group>"; };
		702FA2CB2B616FC00018059C /* NetworkRequest.swift */ = {isa = PBXFileReference; fileEncoding = 4; lastKnownFileType = sourcecode.swift; path = NetworkRequest.swift; sourceTree = "<group>"; };
		702FA2CE2B6178BC0018059C /* HTTP.swift */ = {isa = PBXFileReference; lastKnownFileType = sourcecode.swift; path = HTTP.swift; sourceTree = "<group>"; };
		702FA2D02B617D670018059C /* Enicoder.swift */ = {isa = PBXFileReference; lastKnownFileType = sourcecode.swift; path = Enicoder.swift; sourceTree = "<group>"; };
		702FA2D22B617D740018059C /* Decoder.swift */ = {isa = PBXFileReference; lastKnownFileType = sourcecode.swift; path = Decoder.swift; sourceTree = "<group>"; };
		702FA2D52B6180D00018059C /* AuthClient.swift */ = {isa = PBXFileReference; lastKnownFileType = sourcecode.swift; path = AuthClient.swift; sourceTree = "<group>"; };
		702FA2D72B6180E30018059C /* AuthEndpoint.swift */ = {isa = PBXFileReference; lastKnownFileType = sourcecode.swift; path = AuthEndpoint.swift; sourceTree = "<group>"; };
		9E005722C6A6FDE3056B5A16 /* Pods-Coffe App.debug.xcconfig */ = {isa = PBXFileReference; includeInIndex = 1; lastKnownFileType = text.xcconfig; name = "Pods-Coffe App.debug.xcconfig"; path = "Target Support Files/Pods-Coffe App/Pods-Coffe App.debug.xcconfig"; sourceTree = "<group>"; };
		ADFC057FDFA36F863CCE234B /* Pods-Coffe App.release.xcconfig */ = {isa = PBXFileReference; includeInIndex = 1; lastKnownFileType = text.xcconfig; name = "Pods-Coffe App.release.xcconfig"; path = "Target Support Files/Pods-Coffe App/Pods-Coffe App.release.xcconfig"; sourceTree = "<group>"; };
/* End PBXFileReference section */

/* Begin PBXFrameworksBuildPhase section */
		702FA2802B6142E80018059C /* Frameworks */ = {
			isa = PBXFrameworksBuildPhase;
			buildActionMask = 2147483647;
			files = (
				0DB1D8427BB421C273BF7666 /* Pods_Coffe_App.framework in Frameworks */,
			);
			runOnlyForDeploymentPostprocessing = 0;
		};
/* End PBXFrameworksBuildPhase section */

/* Begin PBXGroup section */
		70083DD52B73567B0064340A /* LocationClient */ = {
			isa = PBXGroup;
			children = (
				70083DD62B73569C0064340A /* LocationEndpoint.swift */,
				70083DD82B7357EB0064340A /* LocationRequest.swift */,
			);
			path = LocationClient;
			sourceTree = "<group>";
		};
		70083DDD2B737B280064340A /* TableViewCell */ = {
			isa = PBXGroup;
			children = (
				70083DDE2B737B4F0064340A /* TableCell.swift */,
			);
			path = TableViewCell;
			sourceTree = "<group>";
		};
		702FA27A2B6142E80018059C = {
			isa = PBXGroup;
			children = (
				702FA2852B6142E80018059C /* Coffe App */,
				702FA2842B6142E80018059C /* Products */,
				80AAD87C67B97EA81C2156C4 /* Pods */,
				ADB779725A505D6B458341C6 /* Frameworks */,
			);
			sourceTree = "<group>";
		};
		702FA2842B6142E80018059C /* Products */ = {
			isa = PBXGroup;
			children = (
				702FA2832B6142E80018059C /* Coffe App.app */,
			);
			name = Products;
			sourceTree = "<group>";
		};
		702FA2852B6142E80018059C /* Coffe App */ = {
			isa = PBXGroup;
			children = (
				702FA2AF2B616CE20018059C /* Modules */,
				702FA2A92B6146D60018059C /* Application */,
				702FA2A52B6146140018059C /* Utilities */,
				702FA2A22B6145AD0018059C /* Resources */,
				702FA29F2B6145580018059C /* Entites */,
				702FA29A2B6144DA0018059C /* Service */,
				702FA2942B6142EB0018059C /* Info.plist */,
			);
			path = "Coffe App";
			sourceTree = "<group>";
		};
		702FA29A2B6144DA0018059C /* Service */ = {
			isa = PBXGroup;
			children = (
				702FA2C92B616F880018059C /* NetworkService */,
				702FA29B2B6145080018059C /* ApplicationService.swift */,
				702FA29D2B6145370018059C /* UserService.swift */,
			);
			path = Service;
			sourceTree = "<group>";
		};
		702FA29F2B6145580018059C /* Entites */ = {
			isa = PBXGroup;
			children = (
				702FA2A02B61456C0018059C /* UserData.swift */,
			);
			path = Entites;
			sourceTree = "<group>";
		};
		702FA2A22B6145AD0018059C /* Resources */ = {
			isa = PBXGroup;
			children = (
				702FA2912B6142EB0018059C /* LaunchScreen.storyboard */,
				702FA28F2B6142EB0018059C /* Assets.xcassets */,
				702FA2A32B6145C90018059C /* Constants.swift */,
			);
			path = Resources;
			sourceTree = "<group>";
		};
		702FA2A52B6146140018059C /* Utilities */ = {
			isa = PBXGroup;
			children = (
				70083DDD2B737B280064340A /* TableViewCell */,
				702FA2AC2B6148300018059C /* Extansion */,
				702FA2A62B61461E0018059C /* Helpers */,
			);
			path = Utilities;
			sourceTree = "<group>";
		};
		702FA2A62B61461E0018059C /* Helpers */ = {
			isa = PBXGroup;
			children = (
				702FA2A72B6146510018059C /* Helpers.swift */,
				701D12512B73D46A002F5CD4 /* CountValueView.swift */,
			);
			path = Helpers;
			sourceTree = "<group>";
		};
		702FA2A92B6146D60018059C /* Application */ = {
			isa = PBXGroup;
			children = (
				702FA2882B6142E80018059C /* SceneDelegate.swift */,
				702FA2862B6142E80018059C /* AppDelegate.swift */,
				702FA2AA2B6146EE0018059C /* Configuration.swift */,
				702FA28A2B6142E80018059C /* ViewController.swift */,
			);
			path = Application;
			sourceTree = "<group>";
		};
		702FA2AC2B6148300018059C /* Extansion */ = {
			isa = PBXGroup;
			children = (
				702FA2AD2B61483F0018059C /* ExtansionUiViewController.swift */,
			);
			path = Extansion;
			sourceTree = "<group>";
		};
		702FA2AF2B616CE20018059C /* Modules */ = {
			isa = PBXGroup;
			children = (
				702FA2B42B616D890018059C /* Menu */,
				702FA2B32B616D7E0018059C /* Map */,
				702FA2B22B616D720018059C /* Main */,
				702FA2B12B616D370018059C /* Auth */,
				702FA2B02B616D2B0018059C /* Registration */,
			);
			path = Modules;
			sourceTree = "<group>";
		};
		702FA2B02B616D2B0018059C /* Registration */ = {
			isa = PBXGroup;
			children = (
				702FA2B52B616DA20018059C /* RegistrationProtocol.swift */,
				702FA2B72B616DBA0018059C /* RegistrationViewController.swift */,
				702FA2B92B616DE90018059C /* RegistrationRouter.swift */,
				702FA2BB2B616E110018059C /* RegistrationPresentor.swift */,
				702FA2BD2B616E2D0018059C /* RegistrationIntersaptor.swift */,
			);
			path = Registration;
			sourceTree = "<group>";
		};
		702FA2B12B616D370018059C /* Auth */ = {
			isa = PBXGroup;
			children = (
				702FA2BF2B616E440018059C /* AuthViewController.swift */,
				702FA2C72B616EAA0018059C /* AuthIntersaptor.swift */,
				702FA2C52B616E8E0018059C /* AuthPresenter.swift */,
				702FA2C12B616E5D0018059C /* AuthProtocol.swift */,
				702FA2C32B616E800018059C /* AuthRouter.swift */,
			);
			path = Auth;
			sourceTree = "<group>";
		};
		702FA2B22B616D720018059C /* Main */ = {
			isa = PBXGroup;
			children = (
				70083DDA2B735F200064340A /* MainViewProtocols.swift */,
				701D124F2B73AC4D002F5CD4 /* MainViewController.swift */,
				70083DE22B737E010064340A /* MainViewPresenter.swift */,
				70083DE02B737D910064340A /* MainViewInteractor.swift */,
			);
			path = Main;
			sourceTree = "<group>";
		};
		702FA2B32B616D7E0018059C /* Map */ = {
			isa = PBXGroup;
			children = (
			);
			path = Map;
			sourceTree = "<group>";
		};
		702FA2B42B616D890018059C /* Menu */ = {
			isa = PBXGroup;
			children = (
			);
			path = Menu;
			sourceTree = "<group>";
		};
		702FA2C92B616F880018059C /* NetworkService */ = {
			isa = PBXGroup;
			children = (
				70083DD52B73567B0064340A /* LocationClient */,
				702FA2D42B6180B50018059C /* AuthClient */,
				702FA2CA2B616FC00018059C /* NetworkEnum.swift */,
				702FA2CB2B616FC00018059C /* NetworkRequest.swift */,
				702FA2CE2B6178BC0018059C /* HTTP.swift */,
				702FA2D02B617D670018059C /* Enicoder.swift */,
				702FA2D22B617D740018059C /* Decoder.swift */,
			);
			path = NetworkService;
			sourceTree = "<group>";
		};
		702FA2D42B6180B50018059C /* AuthClient */ = {
			isa = PBXGroup;
			children = (
				702FA2D52B6180D00018059C /* AuthClient.swift */,
				702FA2D72B6180E30018059C /* AuthEndpoint.swift */,
			);
			path = AuthClient;
			sourceTree = "<group>";
		};
		80AAD87C67B97EA81C2156C4 /* Pods */ = {
			isa = PBXGroup;
			children = (
				9E005722C6A6FDE3056B5A16 /* Pods-Coffe App.debug.xcconfig */,
				ADFC057FDFA36F863CCE234B /* Pods-Coffe App.release.xcconfig */,
			);
			path = Pods;
			sourceTree = "<group>";
		};
		ADB779725A505D6B458341C6 /* Frameworks */ = {
			isa = PBXGroup;
			children = (
				29DE08FCE30BCAFE2EE63992 /* Pods_Coffe_App.framework */,
			);
			name = Frameworks;
			sourceTree = "<group>";
		};
/* End PBXGroup section */

/* Begin PBXNativeTarget section */
		702FA2822B6142E80018059C /* Coffe App */ = {
			isa = PBXNativeTarget;
			buildConfigurationList = 702FA2972B6142EB0018059C /* Build configuration list for PBXNativeTarget "Coffe App" */;
			buildPhases = (
				EB28B26F3D4D5646508A0704 /* [CP] Check Pods Manifest.lock */,
				702FA27F2B6142E80018059C /* Sources */,
				702FA2802B6142E80018059C /* Frameworks */,
				702FA2812B6142E80018059C /* Resources */,
			);
			buildRules = (
			);
			dependencies = (
			);
			name = "Coffe App";
			productName = "Coffe App";
			productReference = 702FA2832B6142E80018059C /* Coffe App.app */;
			productType = "com.apple.product-type.application";
		};
/* End PBXNativeTarget section */

/* Begin PBXProject section */
		702FA27B2B6142E80018059C /* Project object */ = {
			isa = PBXProject;
			attributes = {
				BuildIndependentTargetsInParallel = 1;
				LastSwiftUpdateCheck = 1420;
				LastUpgradeCheck = 1420;
				TargetAttributes = {
					702FA2822B6142E80018059C = {
						CreatedOnToolsVersion = 14.2;
					};
				};
			};
			buildConfigurationList = 702FA27E2B6142E80018059C /* Build configuration list for PBXProject "Coffe App" */;
			compatibilityVersion = "Xcode 14.0";
			developmentRegion = en;
			hasScannedForEncodings = 0;
			knownRegions = (
				en,
				Base,
			);
			mainGroup = 702FA27A2B6142E80018059C;
			productRefGroup = 702FA2842B6142E80018059C /* Products */;
			projectDirPath = "";
			projectRoot = "";
			targets = (
				702FA2822B6142E80018059C /* Coffe App */,
			);
		};
/* End PBXProject section */

/* Begin PBXResourcesBuildPhase section */
		702FA2812B6142E80018059C /* Resources */ = {
			isa = PBXResourcesBuildPhase;
			buildActionMask = 2147483647;
			files = (
				702FA2932B6142EB0018059C /* LaunchScreen.storyboard in Resources */,
				702FA2902B6142EB0018059C /* Assets.xcassets in Resources */,
			);
			runOnlyForDeploymentPostprocessing = 0;
		};
/* End PBXResourcesBuildPhase section */

/* Begin PBXShellScriptBuildPhase section */
		EB28B26F3D4D5646508A0704 /* [CP] Check Pods Manifest.lock */ = {
			isa = PBXShellScriptBuildPhase;
			buildActionMask = 2147483647;
			files = (
			);
			inputFileListPaths = (
			);
			inputPaths = (
				"${PODS_PODFILE_DIR_PATH}/Podfile.lock",
				"${PODS_ROOT}/Manifest.lock",
			);
			name = "[CP] Check Pods Manifest.lock";
			outputFileListPaths = (
			);
			outputPaths = (
				"$(DERIVED_FILE_DIR)/Pods-Coffe App-checkManifestLockResult.txt",
			);
			runOnlyForDeploymentPostprocessing = 0;
			shellPath = /bin/sh;
			shellScript = "diff \"${PODS_PODFILE_DIR_PATH}/Podfile.lock\" \"${PODS_ROOT}/Manifest.lock\" > /dev/null\nif [ $? != 0 ] ; then\n    # print error to STDERR\n    echo \"error: The sandbox is not in sync with the Podfile.lock. Run 'pod install' or update your CocoaPods installation.\" >&2\n    exit 1\nfi\n# This output is used by Xcode 'outputs' to avoid re-running this script phase.\necho \"SUCCESS\" > \"${SCRIPT_OUTPUT_FILE_0}\"\n";
			showEnvVarsInLog = 0;
		};
/* End PBXShellScriptBuildPhase section */

/* Begin PBXSourcesBuildPhase section */
		702FA27F2B6142E80018059C /* Sources */ = {
			isa = PBXSourcesBuildPhase;
			buildActionMask = 2147483647;
			files = (
				70083DD92B7357EB0064340A /* LocationRequest.swift in Sources */,
				702FA2B62B616DA20018059C /* RegistrationProtocol.swift in Sources */,
				702FA2C62B616E8E0018059C /* AuthPresenter.swift in Sources */,
				702FA2A12B61456C0018059C /* UserData.swift in Sources */,
				702FA29C2B6145080018059C /* ApplicationService.swift in Sources */,
				702FA2BC2B616E110018059C /* RegistrationPresentor.swift in Sources */,
				702FA2C82B616EAA0018059C /* AuthIntersaptor.swift in Sources */,
				701D12502B73AC4D002F5CD4 /* MainViewController.swift in Sources */,
				702FA2C02B616E440018059C /* AuthViewController.swift in Sources */,
				702FA29E2B6145370018059C /* UserService.swift in Sources */,
				70083DDF2B737B4F0064340A /* TableCell.swift in Sources */,
				702FA2CD2B616FC00018059C /* NetworkRequest.swift in Sources */,
				702FA2AB2B6146EE0018059C /* Configuration.swift in Sources */,
				702FA2BE2B616E2D0018059C /* RegistrationIntersaptor.swift in Sources */,
				702FA2BA2B616DE90018059C /* RegistrationRouter.swift in Sources */,
				70083DE12B737D910064340A /* MainViewInteractor.swift in Sources */,
				702FA2CF2B6178BC0018059C /* HTTP.swift in Sources */,
				701D12522B73D46A002F5CD4 /* CountValueView.swift in Sources */,
				702FA2AE2B61483F0018059C /* ExtansionUiViewController.swift in Sources */,
				702FA2B82B616DBA0018059C /* RegistrationViewController.swift in Sources */,
				70083DD72B73569C0064340A /* LocationEndpoint.swift in Sources */,
				702FA2CC2B616FC00018059C /* NetworkEnum.swift in Sources */,
				702FA2A82B6146510018059C /* Helpers.swift in Sources */,
				702FA28B2B6142E80018059C /* ViewController.swift in Sources */,
				702FA2D12B617D670018059C /* Enicoder.swift in Sources */,
				70083DE32B737E010064340A /* MainViewPresenter.swift in Sources */,
				702FA2A42B6145C90018059C /* Constants.swift in Sources */,
				702FA2D62B6180D00018059C /* AuthClient.swift in Sources */,
				70083DDB2B735F200064340A /* MainViewProtocols.swift in Sources */,
				702FA2C22B616E5D0018059C /* AuthProtocol.swift in Sources */,
				702FA2872B6142E80018059C /* AppDelegate.swift in Sources */,
				702FA2C42B616E800018059C /* AuthRouter.swift in Sources */,
				702FA2D32B617D740018059C /* Decoder.swift in Sources */,
				702FA2892B6142E80018059C /* SceneDelegate.swift in Sources */,
				702FA2D82B6180E30018059C /* AuthEndpoint.swift in Sources */,
			);
			runOnlyForDeploymentPostprocessing = 0;
		};
/* End PBXSourcesBuildPhase section */

/* Begin PBXVariantGroup section */
		702FA2912B6142EB0018059C /* LaunchScreen.storyboard */ = {
			isa = PBXVariantGroup;
			children = (
				702FA2922B6142EB0018059C /* Base */,
			);
			name = LaunchScreen.storyboard;
			sourceTree = "<group>";
		};
/* End PBXVariantGroup section */

/* Begin XCBuildConfiguration section */
		702FA2952B6142EB0018059C /* Debug */ = {
			isa = XCBuildConfiguration;
			buildSettings = {
				ALWAYS_SEARCH_USER_PATHS = NO;
				CLANG_ANALYZER_NONNULL = YES;
				CLANG_ANALYZER_NUMBER_OBJECT_CONVERSION = YES_AGGRESSIVE;
				CLANG_CXX_LANGUAGE_STANDARD = "gnu++20";
				CLANG_ENABLE_MODULES = YES;
				CLANG_ENABLE_OBJC_ARC = YES;
				CLANG_ENABLE_OBJC_WEAK = YES;
				CLANG_WARN_BLOCK_CAPTURE_AUTORELEASING = YES;
				CLANG_WARN_BOOL_CONVERSION = YES;
				CLANG_WARN_COMMA = YES;
				CLANG_WARN_CONSTANT_CONVERSION = YES;
				CLANG_WARN_DEPRECATED_OBJC_IMPLEMENTATIONS = YES;
				CLANG_WARN_DIRECT_OBJC_ISA_USAGE = YES_ERROR;
				CLANG_WARN_DOCUMENTATION_COMMENTS = YES;
				CLANG_WARN_EMPTY_BODY = YES;
				CLANG_WARN_ENUM_CONVERSION = YES;
				CLANG_WARN_INFINITE_RECURSION = YES;
				CLANG_WARN_INT_CONVERSION = YES;
				CLANG_WARN_NON_LITERAL_NULL_CONVERSION = YES;
				CLANG_WARN_OBJC_IMPLICIT_RETAIN_SELF = YES;
				CLANG_WARN_OBJC_LITERAL_CONVERSION = YES;
				CLANG_WARN_OBJC_ROOT_CLASS = YES_ERROR;
				CLANG_WARN_QUOTED_INCLUDE_IN_FRAMEWORK_HEADER = YES;
				CLANG_WARN_RANGE_LOOP_ANALYSIS = YES;
				CLANG_WARN_STRICT_PROTOTYPES = YES;
				CLANG_WARN_SUSPICIOUS_MOVE = YES;
				CLANG_WARN_UNGUARDED_AVAILABILITY = YES_AGGRESSIVE;
				CLANG_WARN_UNREACHABLE_CODE = YES;
				CLANG_WARN__DUPLICATE_METHOD_MATCH = YES;
				COPY_PHASE_STRIP = NO;
				DEBUG_INFORMATION_FORMAT = dwarf;
				ENABLE_STRICT_OBJC_MSGSEND = YES;
				ENABLE_TESTABILITY = YES;
				GCC_C_LANGUAGE_STANDARD = gnu11;
				GCC_DYNAMIC_NO_PIC = NO;
				GCC_NO_COMMON_BLOCKS = YES;
				GCC_OPTIMIZATION_LEVEL = 0;
				GCC_PREPROCESSOR_DEFINITIONS = (
					"DEBUG=1",
					"$(inherited)",
				);
				GCC_WARN_64_TO_32_BIT_CONVERSION = YES;
				GCC_WARN_ABOUT_RETURN_TYPE = YES_ERROR;
				GCC_WARN_UNDECLARED_SELECTOR = YES;
				GCC_WARN_UNINITIALIZED_AUTOS = YES_AGGRESSIVE;
				GCC_WARN_UNUSED_FUNCTION = YES;
				GCC_WARN_UNUSED_VARIABLE = YES;
				IPHONEOS_DEPLOYMENT_TARGET = 16.2;
				MTL_ENABLE_DEBUG_INFO = INCLUDE_SOURCE;
				MTL_FAST_MATH = YES;
				ONLY_ACTIVE_ARCH = YES;
				SDKROOT = iphoneos;
				SWIFT_ACTIVE_COMPILATION_CONDITIONS = DEBUG;
				SWIFT_OPTIMIZATION_LEVEL = "-Onone";
			};
			name = Debug;
		};
		702FA2962B6142EB0018059C /* Release */ = {
			isa = XCBuildConfiguration;
			buildSettings = {
				ALWAYS_SEARCH_USER_PATHS = NO;
				CLANG_ANALYZER_NONNULL = YES;
				CLANG_ANALYZER_NUMBER_OBJECT_CONVERSION = YES_AGGRESSIVE;
				CLANG_CXX_LANGUAGE_STANDARD = "gnu++20";
				CLANG_ENABLE_MODULES = YES;
				CLANG_ENABLE_OBJC_ARC = YES;
				CLANG_ENABLE_OBJC_WEAK = YES;
				CLANG_WARN_BLOCK_CAPTURE_AUTORELEASING = YES;
				CLANG_WARN_BOOL_CONVERSION = YES;
				CLANG_WARN_COMMA = YES;
				CLANG_WARN_CONSTANT_CONVERSION = YES;
				CLANG_WARN_DEPRECATED_OBJC_IMPLEMENTATIONS = YES;
				CLANG_WARN_DIRECT_OBJC_ISA_USAGE = YES_ERROR;
				CLANG_WARN_DOCUMENTATION_COMMENTS = YES;
				CLANG_WARN_EMPTY_BODY = YES;
				CLANG_WARN_ENUM_CONVERSION = YES;
				CLANG_WARN_INFINITE_RECURSION = YES;
				CLANG_WARN_INT_CONVERSION = YES;
				CLANG_WARN_NON_LITERAL_NULL_CONVERSION = YES;
				CLANG_WARN_OBJC_IMPLICIT_RETAIN_SELF = YES;
				CLANG_WARN_OBJC_LITERAL_CONVERSION = YES;
				CLANG_WARN_OBJC_ROOT_CLASS = YES_ERROR;
				CLANG_WARN_QUOTED_INCLUDE_IN_FRAMEWORK_HEADER = YES;
				CLANG_WARN_RANGE_LOOP_ANALYSIS = YES;
				CLANG_WARN_STRICT_PROTOTYPES = YES;
				CLANG_WARN_SUSPICIOUS_MOVE = YES;
				CLANG_WARN_UNGUARDED_AVAILABILITY = YES_AGGRESSIVE;
				CLANG_WARN_UNREACHABLE_CODE = YES;
				CLANG_WARN__DUPLICATE_METHOD_MATCH = YES;
				COPY_PHASE_STRIP = NO;
				DEBUG_INFORMATION_FORMAT = "dwarf-with-dsym";
				ENABLE_NS_ASSERTIONS = NO;
				ENABLE_STRICT_OBJC_MSGSEND = YES;
				GCC_C_LANGUAGE_STANDARD = gnu11;
				GCC_NO_COMMON_BLOCKS = YES;
				GCC_WARN_64_TO_32_BIT_CONVERSION = YES;
				GCC_WARN_ABOUT_RETURN_TYPE = YES_ERROR;
				GCC_WARN_UNDECLARED_SELECTOR = YES;
				GCC_WARN_UNINITIALIZED_AUTOS = YES_AGGRESSIVE;
				GCC_WARN_UNUSED_FUNCTION = YES;
				GCC_WARN_UNUSED_VARIABLE = YES;
				IPHONEOS_DEPLOYMENT_TARGET = 16.2;
				MTL_ENABLE_DEBUG_INFO = NO;
				MTL_FAST_MATH = YES;
				SDKROOT = iphoneos;
				SWIFT_COMPILATION_MODE = wholemodule;
				SWIFT_OPTIMIZATION_LEVEL = "-O";
				VALIDATE_PRODUCT = YES;
			};
			name = Release;
		};
		702FA2982B6142EB0018059C /* Debug */ = {
			isa = XCBuildConfiguration;
			baseConfigurationReference = 9E005722C6A6FDE3056B5A16 /* Pods-Coffe App.debug.xcconfig */;
			buildSettings = {
				ASSETCATALOG_COMPILER_APPICON_NAME = AppIcon;
				ASSETCATALOG_COMPILER_GLOBAL_ACCENT_COLOR_NAME = AccentColor;
				CODE_SIGN_STYLE = Automatic;
				CURRENT_PROJECT_VERSION = 1;
				DEVELOPMENT_TEAM = 85RMV4A8HU;
				GENERATE_INFOPLIST_FILE = YES;
				INFOPLIST_FILE = "Coffe App/Info.plist";
				INFOPLIST_KEY_UIApplicationSupportsIndirectInputEvents = YES;
				INFOPLIST_KEY_UILaunchStoryboardName = LaunchScreen;
				INFOPLIST_KEY_UISupportedInterfaceOrientations_iPad = "UIInterfaceOrientationPortrait UIInterfaceOrientationPortraitUpsideDown UIInterfaceOrientationLandscapeLeft UIInterfaceOrientationLandscapeRight";
				INFOPLIST_KEY_UISupportedInterfaceOrientations_iPhone = "UIInterfaceOrientationPortrait UIInterfaceOrientationLandscapeLeft UIInterfaceOrientationLandscapeRight";
				LD_RUNPATH_SEARCH_PATHS = (
					"$(inherited)",
					"@executable_path/Frameworks",
				);
				MARKETING_VERSION = 1.0;
				PRODUCT_BUNDLE_IDENTIFIER = "edu.self.Coffe-App-test-application";
				PRODUCT_NAME = "$(TARGET_NAME)";
				SWIFT_EMIT_LOC_STRINGS = YES;
				SWIFT_VERSION = 5.0;
				TARGETED_DEVICE_FAMILY = "1,2";
			};
			name = Debug;
		};
		702FA2992B6142EB0018059C /* Release */ = {
			isa = XCBuildConfiguration;
			baseConfigurationReference = ADFC057FDFA36F863CCE234B /* Pods-Coffe App.release.xcconfig */;
			buildSettings = {
				ASSETCATALOG_COMPILER_APPICON_NAME = AppIcon;
				ASSETCATALOG_COMPILER_GLOBAL_ACCENT_COLOR_NAME = AccentColor;
				CODE_SIGN_STYLE = Automatic;
				CURRENT_PROJECT_VERSION = 1;
				DEVELOPMENT_TEAM = 85RMV4A8HU;
				GENERATE_INFOPLIST_FILE = YES;
				INFOPLIST_FILE = "Coffe App/Info.plist";
				INFOPLIST_KEY_UIApplicationSupportsIndirectInputEvents = YES;
				INFOPLIST_KEY_UILaunchStoryboardName = LaunchScreen;
				INFOPLIST_KEY_UISupportedInterfaceOrientations_iPad = "UIInterfaceOrientationPortrait UIInterfaceOrientationPortraitUpsideDown UIInterfaceOrientationLandscapeLeft UIInterfaceOrientationLandscapeRight";
				INFOPLIST_KEY_UISupportedInterfaceOrientations_iPhone = "UIInterfaceOrientationPortrait UIInterfaceOrientationLandscapeLeft UIInterfaceOrientationLandscapeRight";
				LD_RUNPATH_SEARCH_PATHS = (
					"$(inherited)",
					"@executable_path/Frameworks",
				);
				MARKETING_VERSION = 1.0;
				PRODUCT_BUNDLE_IDENTIFIER = "edu.self.Coffe-App-test-application";
				PRODUCT_NAME = "$(TARGET_NAME)";
				SWIFT_EMIT_LOC_STRINGS = YES;
				SWIFT_VERSION = 5.0;
				TARGETED_DEVICE_FAMILY = "1,2";
			};
			name = Release;
		};
/* End XCBuildConfiguration section */

/* Begin XCConfigurationList section */
		702FA27E2B6142E80018059C /* Build configuration list for PBXProject "Coffe App" */ = {
			isa = XCConfigurationList;
			buildConfigurations = (
				702FA2952B6142EB0018059C /* Debug */,
				702FA2962B6142EB0018059C /* Release */,
			);
			defaultConfigurationIsVisible = 0;
			defaultConfigurationName = Release;
		};
		702FA2972B6142EB0018059C /* Build configuration list for PBXNativeTarget "Coffe App" */ = {
			isa = XCConfigurationList;
			buildConfigurations = (
				702FA2982B6142EB0018059C /* Debug */,
				702FA2992B6142EB0018059C /* Release */,
			);
			defaultConfigurationIsVisible = 0;
			defaultConfigurationName = Release;
		};
/* End XCConfigurationList section */
	};
	rootObject = 702FA27B2B6142E80018059C /* Project object */;
}
